
Microsoft Visual Studio Solution File, Format Version 12.00
Project("{FAE04EC0-301F-11D3-BF4B-00C04F79EFBC}") = "HomeWork.One", "HomeWork.One\HomeWork.One.csproj", "{D584B14A-6F39-40B9-A730-922FF167A566}"
EndProject
Project("{FAE04EC0-301F-11D3-BF4B-00C04F79EFBC}") = "HomeWork.Two", "HomeWork.Two\HomeWork.Two.csproj", "{58015896-0782-4378-9CFB-5B910393D34F}"
EndProject
Project("{FAE04EC0-301F-11D3-BF4B-00C04F79EFBC}") = "HomeWork.Three", "HomeWork.Three\HomeWork.Three.csproj", "{E09B52F0-FBB8-45EF-8570-6713EA367FFB}"
EndProject
Global
	GlobalSection(SolutionConfigurationPlatforms) = preSolution
		Debug|Any CPU = Debug|Any CPU
		Release|Any CPU = Release|Any CPU
	EndGlobalSection
	GlobalSection(ProjectConfigurationPlatforms) = postSolution
		{D584B14A-6F39-40B9-A730-922FF167A566}.Debug|Any CPU.ActiveCfg = Debug|Any CPU
		{D584B14A-6F39-40B9-A730-922FF167A566}.Debug|Any CPU.Build.0 = Debug|Any CPU
		{D584B14A-6F39-40B9-A730-922FF167A566}.Release|Any CPU.ActiveCfg = Release|Any CPU
		{D584B14A-6F39-40B9-A730-922FF167A566}.Release|Any CPU.Build.0 = Release|Any CPU
		{58015896-0782-4378-9CFB-5B910393D34F}.Debug|Any CPU.ActiveCfg = Debug|Any CPU
		{58015896-0782-4378-9CFB-5B910393D34F}.Debug|Any CPU.Build.0 = Debug|Any CPU
		{58015896-0782-4378-9CFB-5B910393D34F}.Release|Any CPU.ActiveCfg = Release|Any CPU
		{58015896-0782-4378-9CFB-5B910393D34F}.Release|Any CPU.Build.0 = Release|Any CPU
		{E09B52F0-FBB8-45EF-8570-6713EA367FFB}.Debug|Any CPU.ActiveCfg = Debug|Any CPU
		{E09B52F0-FBB8-45EF-8570-6713EA367FFB}.Debug|Any CPU.Build.0 = Debug|Any CPU
		{E09B52F0-FBB8-45EF-8570-6713EA367FFB}.Release|Any CPU.ActiveCfg = Release|Any CPU
		{E09B52F0-FBB8-45EF-8570-6713EA367FFB}.Release|Any CPU.Build.0 = Release|Any CPU
	EndGlobalSection
EndGlobal
