
Microsoft Visual Studio Solution File, Format Version 12.00
Project("{FAE04EC0-301F-11D3-BF4B-00C04F79EFBC}") = "HomeWork.One", "HomeWork.One\HomeWork.One.csproj", "{D584B14A-6F39-40B9-A730-922FF167A566}"
EndProject
Project("{FAE04EC0-301F-11D3-BF4B-00C04F79EFBC}") = "HomeWork.Two", "HomeWork.Two\HomeWork.Two.csproj", "{58015896-0782-4378-9CFB-5B910393D34F}"
EndProject
Project("{FAE04EC0-301F-11D3-BF4B-00C04F79EFBC}") = "HomeWork.Three", "HomeWork.Three\HomeWork.Three.csproj", "{E09B52F0-FBB8-45EF-8570-6713EA367FFB}"
EndProject
Project("{FAE04EC0-301F-11D3-BF4B-00C04F79EFBC}") = "HomeWork.Four", "HomeWork.Four\HomeWork.Four.csproj", "{84593FCC-7136-4FFA-A25D-DBFBB718D328}"
EndProject
Project("{FAE04EC0-301F-11D3-BF4B-00C04F79EFBC}") = "SuperArrayLib", "SuperArrayLib\SuperArrayLib.csproj", "{9E5A28F6-57A3-45C0-B766-C8EE06111BC9}"
EndProject
Project("{FAE04EC0-301F-11D3-BF4B-00C04F79EFBC}") = "TwoDimensionalArrayLib", "TwoDimensionalArrayLib\TwoDimensionalArrayLib.csproj", "{E20CF0FD-0835-4218-A5EB-4D60C725AE4D}"
EndProject
Project("{FAE04EC0-301F-11D3-BF4B-00C04F79EFBC}") = "HomeWork.Eight", "HomeWork.Eight\HomeWork.Eight.csproj", "{6BCADA09-7BBD-42C9-B2DC-DEEEAA830BCF}"
EndProject
Global
	GlobalSection(SolutionConfigurationPlatforms) = preSolution
		Debug|Any CPU = Debug|Any CPU
		Release|Any CPU = Release|Any CPU
	EndGlobalSection
	GlobalSection(ProjectConfigurationPlatforms) = postSolution
		{D584B14A-6F39-40B9-A730-922FF167A566}.Debug|Any CPU.ActiveCfg = Debug|Any CPU
		{D584B14A-6F39-40B9-A730-922FF167A566}.Debug|Any CPU.Build.0 = Debug|Any CPU
		{D584B14A-6F39-40B9-A730-922FF167A566}.Release|Any CPU.ActiveCfg = Release|Any CPU
		{D584B14A-6F39-40B9-A730-922FF167A566}.Release|Any CPU.Build.0 = Release|Any CPU
		{58015896-0782-4378-9CFB-5B910393D34F}.Debug|Any CPU.ActiveCfg = Debug|Any CPU
		{58015896-0782-4378-9CFB-5B910393D34F}.Debug|Any CPU.Build.0 = Debug|Any CPU
		{58015896-0782-4378-9CFB-5B910393D34F}.Release|Any CPU.ActiveCfg = Release|Any CPU
		{58015896-0782-4378-9CFB-5B910393D34F}.Release|Any CPU.Build.0 = Release|Any CPU
		{E09B52F0-FBB8-45EF-8570-6713EA367FFB}.Debug|Any CPU.ActiveCfg = Debug|Any CPU
		{E09B52F0-FBB8-45EF-8570-6713EA367FFB}.Debug|Any CPU.Build.0 = Debug|Any CPU
		{E09B52F0-FBB8-45EF-8570-6713EA367FFB}.Release|Any CPU.ActiveCfg = Release|Any CPU
		{E09B52F0-FBB8-45EF-8570-6713EA367FFB}.Release|Any CPU.Build.0 = Release|Any CPU
		{6BCADA09-7BBD-42C9-B2DC-DEEEAA830BCF}.Debug|Any CPU.ActiveCfg = Debug|Any CPU
		{6BCADA09-7BBD-42C9-B2DC-DEEEAA830BCF}.Debug|Any CPU.Build.0 = Debug|Any CPU
		{6BCADA09-7BBD-42C9-B2DC-DEEEAA830BCF}.Release|Any CPU.ActiveCfg = Release|Any CPU
		{6BCADA09-7BBD-42C9-B2DC-DEEEAA830BCF}.Release|Any CPU.Build.0 = Release|Any CPU
	EndGlobalSection
EndGlobal
